// !$*UTF8*$!
{
	archiveVersion = 1;
	classes = {
	};
	objectVersion = 50;
	objects = {

/* Begin PBXBuildFile section */
		FE6F72A722B2E10D00A44D4B /* AppDelegate.swift in Sources */ = {isa = PBXBuildFile; fileRef = FE6F72A622B2E10D00A44D4B /* AppDelegate.swift */; };
		FE6F72A922B2E10D00A44D4B /* ViewController.swift in Sources */ = {isa = PBXBuildFile; fileRef = FE6F72A822B2E10D00A44D4B /* ViewController.swift */; };
		FE6F72AC22B2E10D00A44D4B /* Main.storyboard in Resources */ = {isa = PBXBuildFile; fileRef = FE6F72AA22B2E10D00A44D4B /* Main.storyboard */; };
		FE6F72AF22B2E10D00A44D4B /* BourneMovie.xcdatamodeld in Sources */ = {isa = PBXBuildFile; fileRef = FE6F72AD22B2E10D00A44D4B /* BourneMovie.xcdatamodeld */; };
		FE6F72B122B2E10F00A44D4B /* Assets.xcassets in Resources */ = {isa = PBXBuildFile; fileRef = FE6F72B022B2E10F00A44D4B /* Assets.xcassets */; };
		FE6F72B422B2E10F00A44D4B /* LaunchScreen.storyboard in Resources */ = {isa = PBXBuildFile; fileRef = FE6F72B222B2E10F00A44D4B /* LaunchScreen.storyboard */; };
/* End PBXBuildFile section */

/* Begin PBXFileReference section */
		FE6F72A322B2E10D00A44D4B /* BourneMovie.app */ = {isa = PBXFileReference; explicitFileType = wrapper.application; includeInIndex = 0; path = BourneMovie.app; sourceTree = BUILT_PRODUCTS_DIR; };
		FE6F72A622B2E10D00A44D4B /* AppDelegate.swift */ = {isa = PBXFileReference; lastKnownFileType = sourcecode.swift; path = AppDelegate.swift; sourceTree = "<group>"; };
		FE6F72A822B2E10D00A44D4B /* ViewController.swift */ = {isa = PBXFileReference; lastKnownFileType = sourcecode.swift; path = ViewController.swift; sourceTree = "<group>"; };
		FE6F72AB22B2E10D00A44D4B /* Base */ = {isa = PBXFileReference; lastKnownFileType = file.storyboard; name = Base; path = Base.lproj/Main.storyboard; sourceTree = "<group>"; };
		FE6F72AE22B2E10D00A44D4B /* BourneMovie.xcdatamodel */ = {isa = PBXFileReference; lastKnownFileType = wrapper.xcdatamodel; path = BourneMovie.xcdatamodel; sourceTree = "<group>"; };
		FE6F72B022B2E10F00A44D4B /* Assets.xcassets */ = {isa = PBXFileReference; lastKnownFileType = folder.assetcatalog; path = Assets.xcassets; sourceTree = "<group>"; };
		FE6F72B322B2E10F00A44D4B /* Base */ = {isa = PBXFileReference; lastKnownFileType = file.storyboard; name = Base; path = Base.lproj/LaunchScreen.storyboard; sourceTree = "<group>"; };
		FE6F72B522B2E10F00A44D4B /* Info.plist */ = {isa = PBXFileReference; lastKnownFileType = text.plist.xml; path = Info.plist; sourceTree = "<group>"; };
/* End PBXFileReference section */

/* Begin PBXFrameworksBuildPhase section */
		FE6F72A022B2E10D00A44D4B /* Frameworks */ = {
			isa = PBXFrameworksBuildPhase;
			buildActionMask = 2147483647;
			files = (
			);
			runOnlyForDeploymentPostprocessing = 0;
		};
/* End PBXFrameworksBuildPhase section */

/* Begin PBXGroup section */
		FE6F729A22B2E10D00A44D4B = {
			isa = PBXGroup;
			children = (
				FE6F72A522B2E10D00A44D4B /* BourneMovie */,
				FE6F72A422B2E10D00A44D4B /* Products */,
			);
			sourceTree = "<group>";
		};
		FE6F72A422B2E10D00A44D4B /* Products */ = {
			isa = PBXGroup;
			children = (
				FE6F72A322B2E10D00A44D4B /* BourneMovie.app */,
			);
			name = Products;
			sourceTree = "<group>";
		};
		FE6F72A522B2E10D00A44D4B /* BourneMovie */ = {
			isa = PBXGroup;
			children = (
				FE6F72A622B2E10D00A44D4B /* AppDelegate.swift */,
				FE6F72A822B2E10D00A44D4B /* ViewController.swift */,
				FE6F72AA22B2E10D00A44D4B /* Main.storyboard */,
				FE6F72B022B2E10F00A44D4B /* Assets.xcassets */,
				FE6F72B222B2E10F00A44D4B /* LaunchScreen.storyboard */,
				FE6F72B522B2E10F00A44D4B /* Info.plist */,
				FE6F72AD22B2E10D00A44D4B /* BourneMovie.xcdatamodeld */,
			);
			path = BourneMovie;
			sourceTree = "<group>";
		};
/* End PBXGroup section */

/* Begin PBXNativeTarget section */
		FE6F72A222B2E10D00A44D4B /* BourneMovie */ = {
			isa = PBXNativeTarget;
			buildConfigurationList = FE6F72B822B2E10F00A44D4B /* Build configuration list for PBXNativeTarget "BourneMovie" */;
			buildPhases = (
				FE6F729F22B2E10D00A44D4B /* Sources */,
				FE6F72A022B2E10D00A44D4B /* Frameworks */,
				FE6F72A122B2E10D00A44D4B /* Resources */,
			);
			buildRules = (
			);
			dependencies = (
			);
			name = BourneMovie;
			productName = BourneMovie;
			productReference = FE6F72A322B2E10D00A44D4B /* BourneMovie.app */;
			productType = "com.apple.product-type.application";
		};
/* End PBXNativeTarget section */

/* Begin PBXProject section */
		FE6F729B22B2E10D00A44D4B /* Project object */ = {
			isa = PBXProject;
			attributes = {
				LastSwiftUpdateCheck = 1010;
				LastUpgradeCheck = 1010;
				ORGANIZATIONNAME = "Rafael Ignacio da Silva Nicolau";
				TargetAttributes = {
					FE6F72A222B2E10D00A44D4B = {
						CreatedOnToolsVersion = 10.1;
					};
				};
			};
			buildConfigurationList = FE6F729E22B2E10D00A44D4B /* Build configuration list for PBXProject "BourneMovie" */;
			compatibilityVersion = "Xcode 9.3";
			developmentRegion = en;
			hasScannedForEncodings = 0;
			knownRegions = (
				en,
				Base,
			);
			mainGroup = FE6F729A22B2E10D00A44D4B;
			productRefGroup = FE6F72A422B2E10D00A44D4B /* Products */;
			projectDirPath = "";
			projectRoot = "";
			targets = (
				FE6F72A222B2E10D00A44D4B /* BourneMovie */,
			);
		};
/* End PBXProject section */

/* Begin PBXResourcesBuildPhase section */
		FE6F72A122B2E10D00A44D4B /* Resources */ = {
			isa = PBXResourcesBuildPhase;
			buildActionMask = 2147483647;
			files = (
				FE6F72B422B2E10F00A44D4B /* LaunchScreen.storyboard in Resources */,
				FE6F72B122B2E10F00A44D4B /* Assets.xcassets in Resources */,
				FE6F72AC22B2E10D00A44D4B /* Main.storyboard in Resources */,
			);
			runOnlyForDeploymentPostprocessing = 0;
		};
/* End PBXResourcesBuildPhase section */

/* Begin PBXSourcesBuildPhase section */
		FE6F729F22B2E10D00A44D4B /* Sources */ = {
			isa = PBXSourcesBuildPhase;
			buildActionMask = 2147483647;
			files = (
				FE6F72A922B2E10D00A44D4B /* ViewController.swift in Sources */,
				FE6F72A722B2E10D00A44D4B /* AppDelegate.swift in Sources */,
				FE6F72AF22B2E10D00A44D4B /* BourneMovie.xcdatamodeld in Sources */,
			);
			runOnlyForDeploymentPostprocessing = 0;
		};
/* End PBXSourcesBuildPhase section */

/* Begin PBXVariantGroup section */
		FE6F72AA22B2E10D00A44D4B /* Main.storyboard */ = {
			isa = PBXVariantGroup;
			children = (
				FE6F72AB22B2E10D00A44D4B /* Base */,
			);
			name = Main.storyboard;
			sourceTree = "<group>";
		};
		FE6F72B222B2E10F00A44D4B /* LaunchScreen.storyboard */ = {
			isa = PBXVariantGroup;
			children = (
				FE6F72B322B2E10F00A44D4B /* Base */,
			);
			name = LaunchScreen.storyboard;
			sourceTree = "<group>";
		};
/* End PBXVariantGroup section */

/* Begin XCBuildConfiguration section */
		FE6F72B622B2E10F00A44D4B /* Debug */ = {
			isa = XCBuildConfiguration;
			buildSettings = {
				ALWAYS_SEARCH_USER_PATHS = NO;
				CLANG_ANALYZER_NONNULL = YES;
				CLANG_ANALYZER_NUMBER_OBJECT_CONVERSION = YES_AGGRESSIVE;
				CLANG_CXX_LANGUAGE_STANDARD = "gnu++14";
				CLANG_CXX_LIBRARY = "libc++";
				CLANG_ENABLE_MODULES = YES;
				CLANG_ENABLE_OBJC_ARC = YES;
				CLANG_ENABLE_OBJC_WEAK = YES;
				CLANG_WARN_BLOCK_CAPTURE_AUTORELEASING = YES;
				CLANG_WARN_BOOL_CONVERSION = YES;
				CLANG_WARN_COMMA = YES;
				CLANG_WARN_CONSTANT_CONVERSION = YES;
				CLANG_WARN_DEPRECATED_OBJC_IMPLEMENTATIONS = YES;
				CLANG_WARN_DIRECT_OBJC_ISA_USAGE = YES_ERROR;
				CLANG_WARN_DOCUMENTATION_COMMENTS = YES;
				CLANG_WARN_EMPTY_BODY = YES;
				CLANG_WARN_ENUM_CONVERSION = YES;
				CLANG_WARN_INFINITE_RECURSION = YES;
				CLANG_WARN_INT_CONVERSION = YES;
				CLANG_WARN_NON_LITERAL_NULL_CONVERSION = YES;
				CLANG_WARN_OBJC_IMPLICIT_RETAIN_SELF = YES;
				CLANG_WARN_OBJC_LITERAL_CONVERSION = YES;
				CLANG_WARN_OBJC_ROOT_CLASS = YES_ERROR;
				CLANG_WARN_RANGE_LOOP_ANALYSIS = YES;
				CLANG_WARN_STRICT_PROTOTYPES = YES;
				CLANG_WARN_SUSPICIOUS_MOVE = YES;
				CLANG_WARN_UNGUARDED_AVAILABILITY = YES_AGGRESSIVE;
				CLANG_WARN_UNREACHABLE_CODE = YES;
				CLANG_WARN__DUPLICATE_METHOD_MATCH = YES;
				CODE_SIGN_IDENTITY = "iPhone Developer";
				COPY_PHASE_STRIP = NO;
				DEBUG_INFORMATION_FORMAT = dwarf;
				ENABLE_STRICT_OBJC_MSGSEND = YES;
				ENABLE_TESTABILITY = YES;
				GCC_C_LANGUAGE_STANDARD = gnu11;
				GCC_DYNAMIC_NO_PIC = NO;
				GCC_NO_COMMON_BLOCKS = YES;
				GCC_OPTIMIZATION_LEVEL = 0;
				GCC_PREPROCESSOR_DEFINITIONS = (
					"DEBUG=1",
					"$(inherited)",
				);
				GCC_WARN_64_TO_32_BIT_CONVERSION = YES;
				GCC_WARN_ABOUT_RETURN_TYPE = YES_ERROR;
				GCC_WARN_UNDECLARED_SELECTOR = YES;
				GCC_WARN_UNINITIALIZED_AUTOS = YES_AGGRESSIVE;
				GCC_WARN_UNUSED_FUNCTION = YES;
				GCC_WARN_UNUSED_VARIABLE = YES;
				IPHONEOS_DEPLOYMENT_TARGET = 12.1;
				MTL_ENABLE_DEBUG_INFO = INCLUDE_SOURCE;
				MTL_FAST_MATH = YES;
				ONLY_ACTIVE_ARCH = YES;
				SDKROOT = iphoneos;
				SWIFT_ACTIVE_COMPILATION_CONDITIONS = DEBUG;
				SWIFT_OPTIMIZATION_LEVEL = "-Onone";
			};
			name = Debug;
		};
		FE6F72B722B2E10F00A44D4B /* Release */ = {
			isa = XCBuildConfiguration;
			buildSettings = {
				ALWAYS_SEARCH_USER_PATHS = NO;
				CLANG_ANALYZER_NONNULL = YES;
				CLANG_ANALYZER_NUMBER_OBJECT_CONVERSION = YES_AGGRESSIVE;
				CLANG_CXX_LANGUAGE_STANDARD = "gnu++14";
				CLANG_CXX_LIBRARY = "libc++";
				CLANG_ENABLE_MODULES = YES;
				CLANG_ENABLE_OBJC_ARC = YES;
				CLANG_ENABLE_OBJC_WEAK = YES;
				CLANG_WARN_BLOCK_CAPTURE_AUTORELEASING = YES;
				CLANG_WARN_BOOL_CONVERSION = YES;
				CLANG_WARN_COMMA = YES;
				CLANG_WARN_CONSTANT_CONVERSION = YES;
				CLANG_WARN_DEPRECATED_OBJC_IMPLEMENTATIONS = YES;
				CLANG_WARN_DIRECT_OBJC_ISA_USAGE = YES_ERROR;
				CLANG_WARN_DOCUMENTATION_COMMENTS = YES;
				CLANG_WARN_EMPTY_BODY = YES;
				CLANG_WARN_ENUM_CONVERSION = YES;
				CLANG_WARN_INFINITE_RECURSION = YES;
				CLANG_WARN_INT_CONVERSION = YES;
				CLANG_WARN_NON_LITERAL_NULL_CONVERSION = YES;
				CLANG_WARN_OBJC_IMPLICIT_RETAIN_SELF = YES;
				CLANG_WARN_OBJC_LITERAL_CONVERSION = YES;
				CLANG_WARN_OBJC_ROOT_CLASS = YES_ERROR;
				CLANG_WARN_RANGE_LOOP_ANALYSIS = YES;
				CLANG_WARN_STRICT_PROTOTYPES = YES;
				CLANG_WARN_SUSPICIOUS_MOVE = YES;
				CLANG_WARN_UNGUARDED_AVAILABILITY = YES_AGGRESSIVE;
				CLANG_WARN_UNREACHABLE_CODE = YES;
				CLANG_WARN__DUPLICATE_METHOD_MATCH = YES;
				CODE_SIGN_IDENTITY = "iPhone Developer";
				COPY_PHASE_STRIP = NO;
				DEBUG_INFORMATION_FORMAT = "dwarf-with-dsym";
				ENABLE_NS_ASSERTIONS = NO;
				ENABLE_STRICT_OBJC_MSGSEND = YES;
				GCC_C_LANGUAGE_STANDARD = gnu11;
				GCC_NO_COMMON_BLOCKS = YES;
				GCC_WARN_64_TO_32_BIT_CONVERSION = YES;
				GCC_WARN_ABOUT_RETURN_TYPE = YES_ERROR;
				GCC_WARN_UNDECLARED_SELECTOR = YES;
				GCC_WARN_UNINITIALIZED_AUTOS = YES_AGGRESSIVE;
				GCC_WARN_UNUSED_FUNCTION = YES;
				GCC_WARN_UNUSED_VARIABLE = YES;
				IPHONEOS_DEPLOYMENT_TARGET = 12.1;
				MTL_ENABLE_DEBUG_INFO = NO;
				MTL_FAST_MATH = YES;
				SDKROOT = iphoneos;
				SWIFT_COMPILATION_MODE = wholemodule;
				SWIFT_OPTIMIZATION_LEVEL = "-O";
				VALIDATE_PRODUCT = YES;
			};
			name = Release;
		};
		FE6F72B922B2E10F00A44D4B /* Debug */ = {
			isa = XCBuildConfiguration;
			buildSettings = {
				ASSETCATALOG_COMPILER_APPICON_NAME = AppIcon;
				CODE_SIGN_STYLE = Automatic;
				DEVELOPMENT_TEAM = N8UWU2GFK6;
				INFOPLIST_FILE = BourneMovie/Info.plist;
				LD_RUNPATH_SEARCH_PATHS = (
					"$(inherited)",
					"@executable_path/Frameworks",
				);
				PRODUCT_BUNDLE_IDENTIFIER = rafaelnicolau.BourneMovie;
				PRODUCT_NAME = "$(TARGET_NAME)";
				SWIFT_VERSION = 4.2;
				TARGETED_DEVICE_FAMILY = "1,2";
			};
			name = Debug;
		};
		FE6F72BA22B2E10F00A44D4B /* Release */ = {
			isa = XCBuildConfiguration;
			buildSettings = {
				ASSETCATALOG_COMPILER_APPICON_NAME = AppIcon;
				CODE_SIGN_STYLE = Automatic;
				DEVELOPMENT_TEAM = N8UWU2GFK6;
				INFOPLIST_FILE = BourneMovie/Info.plist;
				LD_RUNPATH_SEARCH_PATHS = (
					"$(inherited)",
					"@executable_path/Frameworks",
				);
				PRODUCT_BUNDLE_IDENTIFIER = rafaelnicolau.BourneMovie;
				PRODUCT_NAME = "$(TARGET_NAME)";
				SWIFT_VERSION = 4.2;
				TARGETED_DEVICE_FAMILY = "1,2";
			};
			name = Release;
		};
/* End XCBuildConfiguration section */

/* Begin XCConfigurationList section */
		FE6F729E22B2E10D00A44D4B /* Build configuration list for PBXProject "BourneMovie" */ = {
			isa = XCConfigurationList;
			buildConfigurations = (
				FE6F72B622B2E10F00A44D4B /* Debug */,
				FE6F72B722B2E10F00A44D4B /* Release */,
			);
			defaultConfigurationIsVisible = 0;
			defaultConfigurationName = Release;
		};
		FE6F72B822B2E10F00A44D4B /* Build configuration list for PBXNativeTarget "BourneMovie" */ = {
			isa = XCConfigurationList;
			buildConfigurations = (
				FE6F72B922B2E10F00A44D4B /* Debug */,
				FE6F72BA22B2E10F00A44D4B /* Release */,
			);
			defaultConfigurationIsVisible = 0;
			defaultConfigurationName = Release;
		};
/* End XCConfigurationList section */

/* Begin XCVersionGroup section */
		FE6F72AD22B2E10D00A44D4B /* BourneMovie.xcdatamodeld */ = {
			isa = XCVersionGroup;
			children = (
				FE6F72AE22B2E10D00A44D4B /* BourneMovie.xcdatamodel */,
			);
			currentVersion = FE6F72AE22B2E10D00A44D4B /* BourneMovie.xcdatamodel */;
			path = BourneMovie.xcdatamodeld;
			sourceTree = "<group>";
			versionGroupType = wrapper.xcdatamodel;
		};
/* End XCVersionGroup section */
	};
	rootObject = FE6F729B22B2E10D00A44D4B /* Project object */;
}
