// !$*UTF8*$!
{
	archiveVersion = 1;
	classes = {
	};
	objectVersion = 50;
	objects = {

/* Begin PBXBuildFile section */
		8C19E4488FAB579E3B6D1282 /* Pods_BourneMovie.framework in Frameworks */ = {isa = PBXBuildFile; fileRef = A954F78C778F032E396E0802 /* Pods_BourneMovie.framework */; };
		FE04BE9A22F08DF8002A2A05 /* Service.swift in Sources */ = {isa = PBXBuildFile; fileRef = FE04BE9922F08DF8002A2A05 /* Service.swift */; };
		FE4AF84222F872A5005B8A9D /* CustomPopup.swift in Sources */ = {isa = PBXBuildFile; fileRef = FE4AF84022F872A5005B8A9D /* CustomPopup.swift */; };
		FE4AF84322F872A5005B8A9D /* CustomPopup.xib in Resources */ = {isa = PBXBuildFile; fileRef = FE4AF84122F872A5005B8A9D /* CustomPopup.xib */; };
		FE4AF84522F89C59005B8A9D /* Genres.swift in Sources */ = {isa = PBXBuildFile; fileRef = FE4AF84422F89C59005B8A9D /* Genres.swift */; };
		FE6F72A722B2E10D00A44D4B /* AppDelegate.swift in Sources */ = {isa = PBXBuildFile; fileRef = FE6F72A622B2E10D00A44D4B /* AppDelegate.swift */; };
		FE6F72A922B2E10D00A44D4B /* MoviemainController.swift in Sources */ = {isa = PBXBuildFile; fileRef = FE6F72A822B2E10D00A44D4B /* MoviemainController.swift */; };
		FE6F72AC22B2E10D00A44D4B /* Main.storyboard in Resources */ = {isa = PBXBuildFile; fileRef = FE6F72AA22B2E10D00A44D4B /* Main.storyboard */; };
		FE6F72AF22B2E10D00A44D4B /* BourneMovie.xcdatamodeld in Sources */ = {isa = PBXBuildFile; fileRef = FE6F72AD22B2E10D00A44D4B /* BourneMovie.xcdatamodeld */; };
		FE6F72B122B2E10F00A44D4B /* Assets.xcassets in Resources */ = {isa = PBXBuildFile; fileRef = FE6F72B022B2E10F00A44D4B /* Assets.xcassets */; };
		FE6F72B422B2E10F00A44D4B /* LaunchScreen.storyboard in Resources */ = {isa = PBXBuildFile; fileRef = FE6F72B222B2E10F00A44D4B /* LaunchScreen.storyboard */; };
		FE6F72BC22B3D14100A44D4B /* MovieAPI.swift in Sources */ = {isa = PBXBuildFile; fileRef = FE6F72BB22B3D14100A44D4B /* MovieAPI.swift */; };
		FE6F72BE22B3D19800A44D4B /* MovieClass.swift in Sources */ = {isa = PBXBuildFile; fileRef = FE6F72BD22B3D19800A44D4B /* MovieClass.swift */; };
		FE7D9A9222FC48D600336165 /* Favorite.swift in Sources */ = {isa = PBXBuildFile; fileRef = FE7D9A9122FC48D600336165 /* Favorite.swift */; };
		FE7D9A9422FC4C3400336165 /* FavoriteViewController.swift in Sources */ = {isa = PBXBuildFile; fileRef = FE7D9A9322FC4C3400336165 /* FavoriteViewController.swift */; };
		FE7D9A9922FC4C7200336165 /* FavoriteTableViewCell.swift in Sources */ = {isa = PBXBuildFile; fileRef = FE7D9A9722FC4C7200336165 /* FavoriteTableViewCell.swift */; };
		FE7D9A9A22FC4C7200336165 /* FavoriteTableViewCell.xib in Resources */ = {isa = PBXBuildFile; fileRef = FE7D9A9822FC4C7200336165 /* FavoriteTableViewCell.xib */; };
		FE7D9A9C22FC78E300336165 /* Movie.swift in Sources */ = {isa = PBXBuildFile; fileRef = FE7D9A9B22FC78E300336165 /* Movie.swift */; };
		FEB6E7AF22F49D6100077445 /* MoviemainTableViewCell.swift in Sources */ = {isa = PBXBuildFile; fileRef = FEB6E7AE22F49D6100077445 /* MoviemainTableViewCell.swift */; };
		FEB6E7B822F4E14100077445 /* DetailViewController.swift in Sources */ = {isa = PBXBuildFile; fileRef = FEB6E7B722F4E14100077445 /* DetailViewController.swift */; };
/* End PBXBuildFile section */

/* Begin PBXFileReference section */
		1BF7ECDC7E5F51CA4ED937AA /* Pods-BourneMovie.debug.xcconfig */ = {isa = PBXFileReference; includeInIndex = 1; lastKnownFileType = text.xcconfig; name = "Pods-BourneMovie.debug.xcconfig"; path = "Target Support Files/Pods-BourneMovie/Pods-BourneMovie.debug.xcconfig"; sourceTree = "<group>"; };
		A954F78C778F032E396E0802 /* Pods_BourneMovie.framework */ = {isa = PBXFileReference; explicitFileType = wrapper.framework; includeInIndex = 0; path = Pods_BourneMovie.framework; sourceTree = BUILT_PRODUCTS_DIR; };
		D2FC3BFE6E7B8BFF12E765C6 /* Pods-BourneMovie.release.xcconfig */ = {isa = PBXFileReference; includeInIndex = 1; lastKnownFileType = text.xcconfig; name = "Pods-BourneMovie.release.xcconfig"; path = "Target Support Files/Pods-BourneMovie/Pods-BourneMovie.release.xcconfig"; sourceTree = "<group>"; };
		FE04BE9922F08DF8002A2A05 /* Service.swift */ = {isa = PBXFileReference; lastKnownFileType = sourcecode.swift; path = Service.swift; sourceTree = "<group>"; };
		FE4AF84022F872A5005B8A9D /* CustomPopup.swift */ = {isa = PBXFileReference; lastKnownFileType = sourcecode.swift; path = CustomPopup.swift; sourceTree = "<group>"; };
		FE4AF84122F872A5005B8A9D /* CustomPopup.xib */ = {isa = PBXFileReference; lastKnownFileType = file.xib; path = CustomPopup.xib; sourceTree = "<group>"; };
		FE4AF84422F89C59005B8A9D /* Genres.swift */ = {isa = PBXFileReference; lastKnownFileType = sourcecode.swift; path = Genres.swift; sourceTree = "<group>"; };
		FE6F72A322B2E10D00A44D4B /* BourneMovie.app */ = {isa = PBXFileReference; explicitFileType = wrapper.application; includeInIndex = 0; path = BourneMovie.app; sourceTree = BUILT_PRODUCTS_DIR; };
		FE6F72A622B2E10D00A44D4B /* AppDelegate.swift */ = {isa = PBXFileReference; lastKnownFileType = sourcecode.swift; path = AppDelegate.swift; sourceTree = "<group>"; };
		FE6F72A822B2E10D00A44D4B /* MoviemainController.swift */ = {isa = PBXFileReference; lastKnownFileType = sourcecode.swift; path = MoviemainController.swift; sourceTree = "<group>"; };
		FE6F72AB22B2E10D00A44D4B /* Base */ = {isa = PBXFileReference; lastKnownFileType = file.storyboard; name = Base; path = Base.lproj/Main.storyboard; sourceTree = "<group>"; };
		FE6F72AE22B2E10D00A44D4B /* BourneMovie.xcdatamodel */ = {isa = PBXFileReference; lastKnownFileType = wrapper.xcdatamodel; path = BourneMovie.xcdatamodel; sourceTree = "<group>"; };
		FE6F72B022B2E10F00A44D4B /* Assets.xcassets */ = {isa = PBXFileReference; lastKnownFileType = folder.assetcatalog; path = Assets.xcassets; sourceTree = "<group>"; };
		FE6F72B322B2E10F00A44D4B /* Base */ = {isa = PBXFileReference; lastKnownFileType = file.storyboard; name = Base; path = Base.lproj/LaunchScreen.storyboard; sourceTree = "<group>"; };
		FE6F72B522B2E10F00A44D4B /* Info.plist */ = {isa = PBXFileReference; lastKnownFileType = text.plist.xml; path = Info.plist; sourceTree = "<group>"; };
		FE6F72BB22B3D14100A44D4B /* MovieAPI.swift */ = {isa = PBXFileReference; lastKnownFileType = sourcecode.swift; path = MovieAPI.swift; sourceTree = "<group>"; };
		FE6F72BD22B3D19800A44D4B /* MovieClass.swift */ = {isa = PBXFileReference; lastKnownFileType = sourcecode.swift; path = MovieClass.swift; sourceTree = "<group>"; };
		FE7D9A9122FC48D600336165 /* Favorite.swift */ = {isa = PBXFileReference; lastKnownFileType = sourcecode.swift; path = Favorite.swift; sourceTree = "<group>"; };
		FE7D9A9322FC4C3400336165 /* FavoriteViewController.swift */ = {isa = PBXFileReference; lastKnownFileType = sourcecode.swift; path = FavoriteViewController.swift; sourceTree = "<group>"; };
		FE7D9A9722FC4C7200336165 /* FavoriteTableViewCell.swift */ = {isa = PBXFileReference; lastKnownFileType = sourcecode.swift; path = FavoriteTableViewCell.swift; sourceTree = "<group>"; };
		FE7D9A9822FC4C7200336165 /* FavoriteTableViewCell.xib */ = {isa = PBXFileReference; lastKnownFileType = file.xib; path = FavoriteTableViewCell.xib; sourceTree = "<group>"; };
		FE7D9A9B22FC78E300336165 /* Movie.swift */ = {isa = PBXFileReference; lastKnownFileType = sourcecode.swift; path = Movie.swift; sourceTree = "<group>"; };
		FEB6E7AE22F49D6100077445 /* MoviemainTableViewCell.swift */ = {isa = PBXFileReference; lastKnownFileType = sourcecode.swift; path = MoviemainTableViewCell.swift; sourceTree = "<group>"; };
		FEB6E7B722F4E14100077445 /* DetailViewController.swift */ = {isa = PBXFileReference; lastKnownFileType = sourcecode.swift; path = DetailViewController.swift; sourceTree = "<group>"; };
/* End PBXFileReference section */

/* Begin PBXFrameworksBuildPhase section */
		FE6F72A022B2E10D00A44D4B /* Frameworks */ = {
			isa = PBXFrameworksBuildPhase;
			buildActionMask = 2147483647;
			files = (
				8C19E4488FAB579E3B6D1282 /* Pods_BourneMovie.framework in Frameworks */,
			);
			runOnlyForDeploymentPostprocessing = 0;
		};
/* End PBXFrameworksBuildPhase section */

/* Begin PBXGroup section */
		A9FE9479C1C9CA218AF8F495 /* Pods */ = {
			isa = PBXGroup;
			children = (
				1BF7ECDC7E5F51CA4ED937AA /* Pods-BourneMovie.debug.xcconfig */,
				D2FC3BFE6E7B8BFF12E765C6 /* Pods-BourneMovie.release.xcconfig */,
			);
			path = Pods;
			sourceTree = "<group>";
		};
		C8BC0D2A03E88B1CA90366B1 /* Frameworks */ = {
			isa = PBXGroup;
			children = (
				A954F78C778F032E396E0802 /* Pods_BourneMovie.framework */,
			);
			name = Frameworks;
			sourceTree = "<group>";
		};
		FE04BE9B22F08DFE002A2A05 /* Service */ = {
			isa = PBXGroup;
			children = (
				FE6F72BB22B3D14100A44D4B /* MovieAPI.swift */,
				FE4AF84422F89C59005B8A9D /* Genres.swift */,
				FE04BE9922F08DF8002A2A05 /* Service.swift */,
			);
			path = Service;
			sourceTree = "<group>";
		};
		FE6F729A22B2E10D00A44D4B = {
			isa = PBXGroup;
			children = (
				FE6F72A522B2E10D00A44D4B /* BourneMovie */,
				FE6F72A422B2E10D00A44D4B /* Products */,
				A9FE9479C1C9CA218AF8F495 /* Pods */,
				C8BC0D2A03E88B1CA90366B1 /* Frameworks */,
			);
			sourceTree = "<group>";
		};
		FE6F72A422B2E10D00A44D4B /* Products */ = {
			isa = PBXGroup;
			children = (
				FE6F72A322B2E10D00A44D4B /* BourneMovie.app */,
			);
			name = Products;
			sourceTree = "<group>";
		};
		FE6F72A522B2E10D00A44D4B /* BourneMovie */ = {
			isa = PBXGroup;
			children = (
				FE6F72A622B2E10D00A44D4B /* AppDelegate.swift */,
				FE6F72AA22B2E10D00A44D4B /* Main.storyboard */,
				FEB6E7B022F49F9C00077445 /* Source */,
				FEB6E7B422F4DEF000077445 /* Model */,
				FE04BE9B22F08DFE002A2A05 /* Service */,
				FE6F72B022B2E10F00A44D4B /* Assets.xcassets */,
				FE6F72B222B2E10F00A44D4B /* LaunchScreen.storyboard */,
				FE6F72B522B2E10F00A44D4B /* Info.plist */,
				FE6F72AD22B2E10D00A44D4B /* BourneMovie.xcdatamodeld */,
			);
			path = BourneMovie;
			sourceTree = "<group>";
		};
		FE7D9A9522FC4C3A00336165 /* Favorite */ = {
			isa = PBXGroup;
			children = (
				FE7D9A9322FC4C3400336165 /* FavoriteViewController.swift */,
				FE7D9A9622FC4C4800336165 /* cell */,
			);
			path = Favorite;
			sourceTree = "<group>";
		};
		FE7D9A9622FC4C4800336165 /* cell */ = {
			isa = PBXGroup;
			children = (
				FE7D9A9722FC4C7200336165 /* FavoriteTableViewCell.swift */,
				FE7D9A9822FC4C7200336165 /* FavoriteTableViewCell.xib */,
			);
			path = cell;
			sourceTree = "<group>";
		};
		FEB6E7B022F49F9C00077445 /* Source */ = {
			isa = PBXGroup;
			children = (
				FEB6E7B122F49FA700077445 /* Home */,
				FEB6E7B922F4E17B00077445 /* Detail */,
				FE7D9A9522FC4C3A00336165 /* Favorite */,
				FEB6E7BA22F7003900077445 /* CustomPopup */,
			);
			path = Source;
			sourceTree = "<group>";
		};
		FEB6E7B122F49FA700077445 /* Home */ = {
			isa = PBXGroup;
			children = (
				FEB6E7B222F49FB800077445 /* View */,
				FEB6E7B322F49FC000077445 /* Cell */,
			);
			path = Home;
			sourceTree = "<group>";
		};
		FEB6E7B222F49FB800077445 /* View */ = {
			isa = PBXGroup;
			children = (
				FE6F72A822B2E10D00A44D4B /* MoviemainController.swift */,
			);
			path = View;
			sourceTree = "<group>";
		};
		FEB6E7B322F49FC000077445 /* Cell */ = {
			isa = PBXGroup;
			children = (
				FEB6E7AE22F49D6100077445 /* MoviemainTableViewCell.swift */,
			);
			path = Cell;
			sourceTree = "<group>";
		};
		FEB6E7B422F4DEF000077445 /* Model */ = {
			isa = PBXGroup;
			children = (
				FE7D9A9B22FC78E300336165 /* Movie.swift */,
				FE7D9A9122FC48D600336165 /* Favorite.swift */,
				FE6F72BD22B3D19800A44D4B /* MovieClass.swift */,
			);
			path = Model;
			sourceTree = "<group>";
		};
		FEB6E7B922F4E17B00077445 /* Detail */ = {
			isa = PBXGroup;
			children = (
				FEB6E7B722F4E14100077445 /* DetailViewController.swift */,
			);
			path = Detail;
			sourceTree = "<group>";
		};
		FEB6E7BA22F7003900077445 /* CustomPopup */ = {
			isa = PBXGroup;
			children = (
				FE4AF84022F872A5005B8A9D /* CustomPopup.swift */,
				FE4AF84122F872A5005B8A9D /* CustomPopup.xib */,
			);
			path = CustomPopup;
			sourceTree = "<group>";
		};
/* End PBXGroup section */

/* Begin PBXNativeTarget section */
		FE6F72A222B2E10D00A44D4B /* BourneMovie */ = {
			isa = PBXNativeTarget;
			buildConfigurationList = FE6F72B822B2E10F00A44D4B /* Build configuration list for PBXNativeTarget "BourneMovie" */;
			buildPhases = (
				D09913032257D538FBB09DBB /* [CP] Check Pods Manifest.lock */,
				FE6F729F22B2E10D00A44D4B /* Sources */,
				FE6F72A022B2E10D00A44D4B /* Frameworks */,
				FE6F72A122B2E10D00A44D4B /* Resources */,
				D15170A4AE1E1A2B0D6431C1 /* [CP] Embed Pods Frameworks */,
			);
			buildRules = (
			);
			dependencies = (
			);
			name = BourneMovie;
			productName = BourneMovie;
			productReference = FE6F72A322B2E10D00A44D4B /* BourneMovie.app */;
			productType = "com.apple.product-type.application";
		};
/* End PBXNativeTarget section */

/* Begin PBXProject section */
		FE6F729B22B2E10D00A44D4B /* Project object */ = {
			isa = PBXProject;
			attributes = {
				LastSwiftUpdateCheck = 1010;
				LastUpgradeCheck = 1010;
				ORGANIZATIONNAME = "Rafael Ignacio da Silva Nicolau";
				TargetAttributes = {
					FE6F72A222B2E10D00A44D4B = {
						CreatedOnToolsVersion = 10.1;
					};
				};
			};
			buildConfigurationList = FE6F729E22B2E10D00A44D4B /* Build configuration list for PBXProject "BourneMovie" */;
			compatibilityVersion = "Xcode 9.3";
			developmentRegion = en;
			hasScannedForEncodings = 0;
			knownRegions = (
				en,
				Base,
			);
			mainGroup = FE6F729A22B2E10D00A44D4B;
			productRefGroup = FE6F72A422B2E10D00A44D4B /* Products */;
			projectDirPath = "";
			projectRoot = "";
			targets = (
				FE6F72A222B2E10D00A44D4B /* BourneMovie */,
			);
		};
/* End PBXProject section */

/* Begin PBXResourcesBuildPhase section */
		FE6F72A122B2E10D00A44D4B /* Resources */ = {
			isa = PBXResourcesBuildPhase;
			buildActionMask = 2147483647;
			files = (
				FE4AF84322F872A5005B8A9D /* CustomPopup.xib in Resources */,
				FE6F72B422B2E10F00A44D4B /* LaunchScreen.storyboard in Resources */,
				FE7D9A9A22FC4C7200336165 /* FavoriteTableViewCell.xib in Resources */,
				FE6F72B122B2E10F00A44D4B /* Assets.xcassets in Resources */,
				FE6F72AC22B2E10D00A44D4B /* Main.storyboard in Resources */,
			);
			runOnlyForDeploymentPostprocessing = 0;
		};
/* End PBXResourcesBuildPhase section */

/* Begin PBXShellScriptBuildPhase section */
		D09913032257D538FBB09DBB /* [CP] Check Pods Manifest.lock */ = {
			isa = PBXShellScriptBuildPhase;
			buildActionMask = 2147483647;
			files = (
			);
			inputFileListPaths = (
			);
			inputPaths = (
				"${PODS_PODFILE_DIR_PATH}/Podfile.lock",
				"${PODS_ROOT}/Manifest.lock",
			);
			name = "[CP] Check Pods Manifest.lock";
			outputFileListPaths = (
			);
			outputPaths = (
				"$(DERIVED_FILE_DIR)/Pods-BourneMovie-checkManifestLockResult.txt",
			);
			runOnlyForDeploymentPostprocessing = 0;
			shellPath = /bin/sh;
			shellScript = "diff \"${PODS_PODFILE_DIR_PATH}/Podfile.lock\" \"${PODS_ROOT}/Manifest.lock\" > /dev/null\nif [ $? != 0 ] ; then\n    # print error to STDERR\n    echo \"error: The sandbox is not in sync with the Podfile.lock. Run 'pod install' or update your CocoaPods installation.\" >&2\n    exit 1\nfi\n# This output is used by Xcode 'outputs' to avoid re-running this script phase.\necho \"SUCCESS\" > \"${SCRIPT_OUTPUT_FILE_0}\"\n";
			showEnvVarsInLog = 0;
		};
		D15170A4AE1E1A2B0D6431C1 /* [CP] Embed Pods Frameworks */ = {
			isa = PBXShellScriptBuildPhase;
			buildActionMask = 2147483647;
			files = (
			);
			inputFileListPaths = (
			);
			inputPaths = (
				"${PODS_ROOT}/Target Support Files/Pods-BourneMovie/Pods-BourneMovie-frameworks.sh",
				"${BUILT_PRODUCTS_DIR}/Alamofire/Alamofire.framework",
				"${BUILT_PRODUCTS_DIR}/Kingfisher/Kingfisher.framework",
			);
			name = "[CP] Embed Pods Frameworks";
			outputFileListPaths = (
			);
			outputPaths = (
				"${TARGET_BUILD_DIR}/${FRAMEWORKS_FOLDER_PATH}/Alamofire.framework",
				"${TARGET_BUILD_DIR}/${FRAMEWORKS_FOLDER_PATH}/Kingfisher.framework",
			);
			runOnlyForDeploymentPostprocessing = 0;
			shellPath = /bin/sh;
			shellScript = "\"${PODS_ROOT}/Target Support Files/Pods-BourneMovie/Pods-BourneMovie-frameworks.sh\"\n";
			showEnvVarsInLog = 0;
		};
/* End PBXShellScriptBuildPhase section */

/* Begin PBXSourcesBuildPhase section */
		FE6F729F22B2E10D00A44D4B /* Sources */ = {
			isa = PBXSourcesBuildPhase;
			buildActionMask = 2147483647;
			files = (
				FE4AF84222F872A5005B8A9D /* CustomPopup.swift in Sources */,
				FEB6E7B822F4E14100077445 /* DetailViewController.swift in Sources */,
				FE6F72A922B2E10D00A44D4B /* MoviemainController.swift in Sources */,
				FE4AF84522F89C59005B8A9D /* Genres.swift in Sources */,
				FEB6E7AF22F49D6100077445 /* MoviemainTableViewCell.swift in Sources */,
				FE7D9A9922FC4C7200336165 /* FavoriteTableViewCell.swift in Sources */,
				FE6F72A722B2E10D00A44D4B /* AppDelegate.swift in Sources */,
				FE6F72AF22B2E10D00A44D4B /* BourneMovie.xcdatamodeld in Sources */,
				FE6F72BE22B3D19800A44D4B /* MovieClass.swift in Sources */,
				FE7D9A9422FC4C3400336165 /* FavoriteViewController.swift in Sources */,
				FE7D9A9222FC48D600336165 /* Favorite.swift in Sources */,
				FE6F72BC22B3D14100A44D4B /* MovieAPI.swift in Sources */,
				FE04BE9A22F08DF8002A2A05 /* Service.swift in Sources */,
				FE7D9A9C22FC78E300336165 /* Movie.swift in Sources */,
			);
			runOnlyForDeploymentPostprocessing = 0;
		};
/* End PBXSourcesBuildPhase section */

/* Begin PBXVariantGroup section */
		FE6F72AA22B2E10D00A44D4B /* Main.storyboard */ = {
			isa = PBXVariantGroup;
			children = (
				FE6F72AB22B2E10D00A44D4B /* Base */,
			);
			name = Main.storyboard;
			sourceTree = "<group>";
		};
		FE6F72B222B2E10F00A44D4B /* LaunchScreen.storyboard */ = {
			isa = PBXVariantGroup;
			children = (
				FE6F72B322B2E10F00A44D4B /* Base */,
			);
			name = LaunchScreen.storyboard;
			sourceTree = "<group>";
		};
/* End PBXVariantGroup section */

/* Begin XCBuildConfiguration section */
		FE6F72B622B2E10F00A44D4B /* Debug */ = {
			isa = XCBuildConfiguration;
			buildSettings = {
				ALWAYS_SEARCH_USER_PATHS = NO;
				CLANG_ANALYZER_NONNULL = YES;
				CLANG_ANALYZER_NUMBER_OBJECT_CONVERSION = YES_AGGRESSIVE;
				CLANG_CXX_LANGUAGE_STANDARD = "gnu++14";
				CLANG_CXX_LIBRARY = "libc++";
				CLANG_ENABLE_MODULES = YES;
				CLANG_ENABLE_OBJC_ARC = YES;
				CLANG_ENABLE_OBJC_WEAK = YES;
				CLANG_WARN_BLOCK_CAPTURE_AUTORELEASING = YES;
				CLANG_WARN_BOOL_CONVERSION = YES;
				CLANG_WARN_COMMA = YES;
				CLANG_WARN_CONSTANT_CONVERSION = YES;
				CLANG_WARN_DEPRECATED_OBJC_IMPLEMENTATIONS = YES;
				CLANG_WARN_DIRECT_OBJC_ISA_USAGE = YES_ERROR;
				CLANG_WARN_DOCUMENTATION_COMMENTS = YES;
				CLANG_WARN_EMPTY_BODY = YES;
				CLANG_WARN_ENUM_CONVERSION = YES;
				CLANG_WARN_INFINITE_RECURSION = YES;
				CLANG_WARN_INT_CONVERSION = YES;
				CLANG_WARN_NON_LITERAL_NULL_CONVERSION = YES;
				CLANG_WARN_OBJC_IMPLICIT_RETAIN_SELF = YES;
				CLANG_WARN_OBJC_LITERAL_CONVERSION = YES;
				CLANG_WARN_OBJC_ROOT_CLASS = YES_ERROR;
				CLANG_WARN_RANGE_LOOP_ANALYSIS = YES;
				CLANG_WARN_STRICT_PROTOTYPES = YES;
				CLANG_WARN_SUSPICIOUS_MOVE = YES;
				CLANG_WARN_UNGUARDED_AVAILABILITY = YES_AGGRESSIVE;
				CLANG_WARN_UNREACHABLE_CODE = YES;
				CLANG_WARN__DUPLICATE_METHOD_MATCH = YES;
				CODE_SIGN_IDENTITY = "iPhone Developer";
				COPY_PHASE_STRIP = NO;
				DEBUG_INFORMATION_FORMAT = dwarf;
				ENABLE_STRICT_OBJC_MSGSEND = YES;
				ENABLE_TESTABILITY = YES;
				GCC_C_LANGUAGE_STANDARD = gnu11;
				GCC_DYNAMIC_NO_PIC = NO;
				GCC_NO_COMMON_BLOCKS = YES;
				GCC_OPTIMIZATION_LEVEL = 0;
				GCC_PREPROCESSOR_DEFINITIONS = (
					"DEBUG=1",
					"$(inherited)",
				);
				GCC_WARN_64_TO_32_BIT_CONVERSION = YES;
				GCC_WARN_ABOUT_RETURN_TYPE = YES_ERROR;
				GCC_WARN_UNDECLARED_SELECTOR = YES;
				GCC_WARN_UNINITIALIZED_AUTOS = YES_AGGRESSIVE;
				GCC_WARN_UNUSED_FUNCTION = YES;
				GCC_WARN_UNUSED_VARIABLE = YES;
				IPHONEOS_DEPLOYMENT_TARGET = 12.1;
				MTL_ENABLE_DEBUG_INFO = INCLUDE_SOURCE;
				MTL_FAST_MATH = YES;
				ONLY_ACTIVE_ARCH = YES;
				SDKROOT = iphoneos;
				SWIFT_ACTIVE_COMPILATION_CONDITIONS = DEBUG;
				SWIFT_OPTIMIZATION_LEVEL = "-Onone";
			};
			name = Debug;
		};
		FE6F72B722B2E10F00A44D4B /* Release */ = {
			isa = XCBuildConfiguration;
			buildSettings = {
				ALWAYS_SEARCH_USER_PATHS = NO;
				CLANG_ANALYZER_NONNULL = YES;
				CLANG_ANALYZER_NUMBER_OBJECT_CONVERSION = YES_AGGRESSIVE;
				CLANG_CXX_LANGUAGE_STANDARD = "gnu++14";
				CLANG_CXX_LIBRARY = "libc++";
				CLANG_ENABLE_MODULES = YES;
				CLANG_ENABLE_OBJC_ARC = YES;
				CLANG_ENABLE_OBJC_WEAK = YES;
				CLANG_WARN_BLOCK_CAPTURE_AUTORELEASING = YES;
				CLANG_WARN_BOOL_CONVERSION = YES;
				CLANG_WARN_COMMA = YES;
				CLANG_WARN_CONSTANT_CONVERSION = YES;
				CLANG_WARN_DEPRECATED_OBJC_IMPLEMENTATIONS = YES;
				CLANG_WARN_DIRECT_OBJC_ISA_USAGE = YES_ERROR;
				CLANG_WARN_DOCUMENTATION_COMMENTS = YES;
				CLANG_WARN_EMPTY_BODY = YES;
				CLANG_WARN_ENUM_CONVERSION = YES;
				CLANG_WARN_INFINITE_RECURSION = YES;
				CLANG_WARN_INT_CONVERSION = YES;
				CLANG_WARN_NON_LITERAL_NULL_CONVERSION = YES;
				CLANG_WARN_OBJC_IMPLICIT_RETAIN_SELF = YES;
				CLANG_WARN_OBJC_LITERAL_CONVERSION = YES;
				CLANG_WARN_OBJC_ROOT_CLASS = YES_ERROR;
				CLANG_WARN_RANGE_LOOP_ANALYSIS = YES;
				CLANG_WARN_STRICT_PROTOTYPES = YES;
				CLANG_WARN_SUSPICIOUS_MOVE = YES;
				CLANG_WARN_UNGUARDED_AVAILABILITY = YES_AGGRESSIVE;
				CLANG_WARN_UNREACHABLE_CODE = YES;
				CLANG_WARN__DUPLICATE_METHOD_MATCH = YES;
				CODE_SIGN_IDENTITY = "iPhone Developer";
				COPY_PHASE_STRIP = NO;
				DEBUG_INFORMATION_FORMAT = "dwarf-with-dsym";
				ENABLE_NS_ASSERTIONS = NO;
				ENABLE_STRICT_OBJC_MSGSEND = YES;
				GCC_C_LANGUAGE_STANDARD = gnu11;
				GCC_NO_COMMON_BLOCKS = YES;
				GCC_WARN_64_TO_32_BIT_CONVERSION = YES;
				GCC_WARN_ABOUT_RETURN_TYPE = YES_ERROR;
				GCC_WARN_UNDECLARED_SELECTOR = YES;
				GCC_WARN_UNINITIALIZED_AUTOS = YES_AGGRESSIVE;
				GCC_WARN_UNUSED_FUNCTION = YES;
				GCC_WARN_UNUSED_VARIABLE = YES;
				IPHONEOS_DEPLOYMENT_TARGET = 12.1;
				MTL_ENABLE_DEBUG_INFO = NO;
				MTL_FAST_MATH = YES;
				SDKROOT = iphoneos;
				SWIFT_COMPILATION_MODE = wholemodule;
				SWIFT_OPTIMIZATION_LEVEL = "-O";
				VALIDATE_PRODUCT = YES;
			};
			name = Release;
		};
		FE6F72B922B2E10F00A44D4B /* Debug */ = {
			isa = XCBuildConfiguration;
			baseConfigurationReference = 1BF7ECDC7E5F51CA4ED937AA /* Pods-BourneMovie.debug.xcconfig */;
			buildSettings = {
				ASSETCATALOG_COMPILER_APPICON_NAME = AppIcon;
				CODE_SIGN_STYLE = Automatic;
				DEVELOPMENT_TEAM = N8UWU2GFK6;
				INFOPLIST_FILE = BourneMovie/Info.plist;
				LD_RUNPATH_SEARCH_PATHS = (
					"$(inherited)",
					"@executable_path/Frameworks",
				);
				PRODUCT_BUNDLE_IDENTIFIER = rafaelnicolau.BourneMovie;
				PRODUCT_NAME = "$(TARGET_NAME)";
				SWIFT_VERSION = 4.2;
				TARGETED_DEVICE_FAMILY = "1,2";
			};
			name = Debug;
		};
		FE6F72BA22B2E10F00A44D4B /* Release */ = {
			isa = XCBuildConfiguration;
			baseConfigurationReference = D2FC3BFE6E7B8BFF12E765C6 /* Pods-BourneMovie.release.xcconfig */;
			buildSettings = {
				ASSETCATALOG_COMPILER_APPICON_NAME = AppIcon;
				CODE_SIGN_STYLE = Automatic;
				DEVELOPMENT_TEAM = N8UWU2GFK6;
				INFOPLIST_FILE = BourneMovie/Info.plist;
				LD_RUNPATH_SEARCH_PATHS = (
					"$(inherited)",
					"@executable_path/Frameworks",
				);
				PRODUCT_BUNDLE_IDENTIFIER = rafaelnicolau.BourneMovie;
				PRODUCT_NAME = "$(TARGET_NAME)";
				SWIFT_VERSION = 4.2;
				TARGETED_DEVICE_FAMILY = "1,2";
			};
			name = Release;
		};
/* End XCBuildConfiguration section */

/* Begin XCConfigurationList section */
		FE6F729E22B2E10D00A44D4B /* Build configuration list for PBXProject "BourneMovie" */ = {
			isa = XCConfigurationList;
			buildConfigurations = (
				FE6F72B622B2E10F00A44D4B /* Debug */,
				FE6F72B722B2E10F00A44D4B /* Release */,
			);
			defaultConfigurationIsVisible = 0;
			defaultConfigurationName = Release;
		};
		FE6F72B822B2E10F00A44D4B /* Build configuration list for PBXNativeTarget "BourneMovie" */ = {
			isa = XCConfigurationList;
			buildConfigurations = (
				FE6F72B922B2E10F00A44D4B /* Debug */,
				FE6F72BA22B2E10F00A44D4B /* Release */,
			);
			defaultConfigurationIsVisible = 0;
			defaultConfigurationName = Release;
		};
/* End XCConfigurationList section */

/* Begin XCVersionGroup section */
		FE6F72AD22B2E10D00A44D4B /* BourneMovie.xcdatamodeld */ = {
			isa = XCVersionGroup;
			children = (
				FE6F72AE22B2E10D00A44D4B /* BourneMovie.xcdatamodel */,
			);
			currentVersion = FE6F72AE22B2E10D00A44D4B /* BourneMovie.xcdatamodel */;
			path = BourneMovie.xcdatamodeld;
			sourceTree = "<group>";
			versionGroupType = wrapper.xcdatamodel;
		};
/* End XCVersionGroup section */
	};
	rootObject = FE6F729B22B2E10D00A44D4B /* Project object */;
}
